
Microsoft Visual Studio Solution File, Format Version 12.00
# Visual Studio Version 17
VisualStudioVersion = 17.2.32616.157
MinimumVisualStudioVersion = 10.0.40219.1
Project("{FAE04EC0-301F-11D3-BF4B-00C04F79EFBC}") = "ASPMVC-Sessions", "ASPMVC-Sessions\ASPMVC-Sessions.csproj", "{B6A75A99-63C9-4B2F-A247-E0338F230B1B}"
EndProject
Global
	GlobalSection(SolutionConfigurationPlatforms) = preSolution
		Debug|Any CPU = Debug|Any CPU
		Release|Any CPU = Release|Any CPU
	EndGlobalSection
	GlobalSection(ProjectConfigurationPlatforms) = postSolution
		{B6A75A99-63C9-4B2F-A247-E0338F230B1B}.Debug|Any CPU.ActiveCfg = Debug|Any CPU
		{B6A75A99-63C9-4B2F-A247-E0338F230B1B}.Debug|Any CPU.Build.0 = Debug|Any CPU
		{B6A75A99-63C9-4B2F-A247-E0338F230B1B}.Release|Any CPU.ActiveCfg = Release|Any CPU
		{B6A75A99-63C9-4B2F-A247-E0338F230B1B}.Release|Any CPU.Build.0 = Release|Any CPU
	EndGlobalSection
	GlobalSection(SolutionProperties) = preSolution
		HideSolutionNode = FALSE
	EndGlobalSection
	GlobalSection(ExtensibilityGlobals) = postSolution
		SolutionGuid = {CD575CB9-F633-4FFC-8C2B-84E3CD79F178}
	EndGlobalSection
EndGlobal
